
Microsoft Visual Studio Solution File, Format Version 12.00
Project("{FAE04EC0-301F-11D3-BF4B-00C04F79EFBC}") = "ObserverPattern", "ObserverPattern\ObserverPattern.csproj", "{D4B9C54A-4C92-4CB2-826F-7EBE7419884D}"
EndProject
Project("{FAE04EC0-301F-11D3-BF4B-00C04F79EFBC}") = "DecoratorPattern", "DecoratorPattern\DecoratorPattern.csproj", "{DD9040C4-D3AE-40EB-88EB-5D76DBD77392}"
EndProject
Project("{FAE04EC0-301F-11D3-BF4B-00C04F79EFBC}") = "FactoryPattern", "FactoryPattern\FactoryPattern.csproj", "{F63A06C1-9CEC-4957-945E-C78DE00AAD21}"
EndProject
Project("{FAE04EC0-301F-11D3-BF4B-00C04F79EFBC}") = "CommandPattern", "CommandPattern\CommandPattern.csproj", "{05E9F1BD-E483-4B8F-A5EB-DB0D4972AFCA}"
EndProject
Global
	GlobalSection(SolutionConfigurationPlatforms) = preSolution
		Debug|Any CPU = Debug|Any CPU
		Release|Any CPU = Release|Any CPU
	EndGlobalSection
	GlobalSection(ProjectConfigurationPlatforms) = postSolution
		{D4B9C54A-4C92-4CB2-826F-7EBE7419884D}.Debug|Any CPU.ActiveCfg = Debug|Any CPU
		{D4B9C54A-4C92-4CB2-826F-7EBE7419884D}.Debug|Any CPU.Build.0 = Debug|Any CPU
		{D4B9C54A-4C92-4CB2-826F-7EBE7419884D}.Release|Any CPU.ActiveCfg = Release|Any CPU
		{D4B9C54A-4C92-4CB2-826F-7EBE7419884D}.Release|Any CPU.Build.0 = Release|Any CPU
		{DD9040C4-D3AE-40EB-88EB-5D76DBD77392}.Debug|Any CPU.ActiveCfg = Debug|Any CPU
		{DD9040C4-D3AE-40EB-88EB-5D76DBD77392}.Debug|Any CPU.Build.0 = Debug|Any CPU
		{DD9040C4-D3AE-40EB-88EB-5D76DBD77392}.Release|Any CPU.ActiveCfg = Release|Any CPU
		{DD9040C4-D3AE-40EB-88EB-5D76DBD77392}.Release|Any CPU.Build.0 = Release|Any CPU
		{F63A06C1-9CEC-4957-945E-C78DE00AAD21}.Debug|Any CPU.ActiveCfg = Debug|Any CPU
		{F63A06C1-9CEC-4957-945E-C78DE00AAD21}.Debug|Any CPU.Build.0 = Debug|Any CPU
		{F63A06C1-9CEC-4957-945E-C78DE00AAD21}.Release|Any CPU.ActiveCfg = Release|Any CPU
		{F63A06C1-9CEC-4957-945E-C78DE00AAD21}.Release|Any CPU.Build.0 = Release|Any CPU
		{05E9F1BD-E483-4B8F-A5EB-DB0D4972AFCA}.Debug|Any CPU.ActiveCfg = Debug|Any CPU
		{05E9F1BD-E483-4B8F-A5EB-DB0D4972AFCA}.Debug|Any CPU.Build.0 = Debug|Any CPU
		{05E9F1BD-E483-4B8F-A5EB-DB0D4972AFCA}.Release|Any CPU.ActiveCfg = Release|Any CPU
		{05E9F1BD-E483-4B8F-A5EB-DB0D4972AFCA}.Release|Any CPU.Build.0 = Release|Any CPU
	EndGlobalSection
EndGlobal
